// !$*UTF8*$!
{
	archiveVersion = 1;
	classes = {
	};
	objectVersion = 56;
	objects = {

/* Begin PBXBuildFile section */
		3F552F7B2BAF262700ACD0B3 /* mBankingPasscodeApp.swift in Sources */ = {isa = PBXBuildFile; fileRef = 3F552F7A2BAF262700ACD0B3 /* mBankingPasscodeApp.swift */; };
		3F552F7D2BAF262700ACD0B3 /* ContentView.swift in Sources */ = {isa = PBXBuildFile; fileRef = 3F552F7C2BAF262700ACD0B3 /* ContentView.swift */; };
		3F552F7F2BAF262C00ACD0B3 /* Assets.xcassets in Resources */ = {isa = PBXBuildFile; fileRef = 3F552F7E2BAF262C00ACD0B3 /* Assets.xcassets */; };
		3F552F822BAF262C00ACD0B3 /* Preview Assets.xcassets in Resources */ = {isa = PBXBuildFile; fileRef = 3F552F812BAF262C00ACD0B3 /* Preview Assets.xcassets */; };
		3F552F8C2BAF262D00ACD0B3 /* mBankingPasscodeTests.swift in Sources */ = {isa = PBXBuildFile; fileRef = 3F552F8B2BAF262D00ACD0B3 /* mBankingPasscodeTests.swift */; };
		3F552F962BAF262E00ACD0B3 /* mBankingPasscodeUITests.swift in Sources */ = {isa = PBXBuildFile; fileRef = 3F552F952BAF262E00ACD0B3 /* mBankingPasscodeUITests.swift */; };
		3F552F982BAF262E00ACD0B3 /* mBankingPasscodeUITestsLaunchTests.swift in Sources */ = {isa = PBXBuildFile; fileRef = 3F552F972BAF262E00ACD0B3 /* mBankingPasscodeUITestsLaunchTests.swift */; };
		3F552FA52BAF274B00ACD0B3 /* PasscodeView.swift in Sources */ = {isa = PBXBuildFile; fileRef = 3F552FA42BAF274B00ACD0B3 /* PasscodeView.swift */; };
		3F552FA72BAF275B00ACD0B3 /* NumberPadView.swift in Sources */ = {isa = PBXBuildFile; fileRef = 3F552FA62BAF275B00ACD0B3 /* NumberPadView.swift */; };
		3F552FA92BAF276D00ACD0B3 /* PasscodeIndicatorView.swift in Sources */ = {isa = PBXBuildFile; fileRef = 3F552FA82BAF276D00ACD0B3 /* PasscodeIndicatorView.swift */; };
/* End PBXBuildFile section */

/* Begin PBXContainerItemProxy section */
		3F552F882BAF262D00ACD0B3 /* PBXContainerItemProxy */ = {
			isa = PBXContainerItemProxy;
			containerPortal = 3F552F6F2BAF262700ACD0B3 /* Project object */;
			proxyType = 1;
			remoteGlobalIDString = 3F552F762BAF262700ACD0B3;
			remoteInfo = mBankingPasscode;
		};
		3F552F922BAF262E00ACD0B3 /* PBXContainerItemProxy */ = {
			isa = PBXContainerItemProxy;
			containerPortal = 3F552F6F2BAF262700ACD0B3 /* Project object */;
			proxyType = 1;
			remoteGlobalIDString = 3F552F762BAF262700ACD0B3;
			remoteInfo = mBankingPasscode;
		};
/* End PBXContainerItemProxy section */

/* Begin PBXFileReference section */
		3F552F772BAF262700ACD0B3 /* mBankingPasscode.app */ = {isa = PBXFileReference; explicitFileType = wrapper.application; includeInIndex = 0; path = mBankingPasscode.app; sourceTree = BUILT_PRODUCTS_DIR; };
		3F552F7A2BAF262700ACD0B3 /* mBankingPasscodeApp.swift */ = {isa = PBXFileReference; lastKnownFileType = sourcecode.swift; path = mBankingPasscodeApp.swift; sourceTree = "<group>"; };
		3F552F7C2BAF262700ACD0B3 /* ContentView.swift */ = {isa = PBXFileReference; lastKnownFileType = sourcecode.swift; path = ContentView.swift; sourceTree = "<group>"; };
		3F552F7E2BAF262C00ACD0B3 /* Assets.xcassets */ = {isa = PBXFileReference; lastKnownFileType = folder.assetcatalog; path = Assets.xcassets; sourceTree = "<group>"; };
		3F552F812BAF262C00ACD0B3 /* Preview Assets.xcassets */ = {isa = PBXFileReference; lastKnownFileType = folder.assetcatalog; path = "Preview Assets.xcassets"; sourceTree = "<group>"; };
		3F552F872BAF262D00ACD0B3 /* mBankingPasscodeTests.xctest */ = {isa = PBXFileReference; explicitFileType = wrapper.cfbundle; includeInIndex = 0; path = mBankingPasscodeTests.xctest; sourceTree = BUILT_PRODUCTS_DIR; };
		3F552F8B2BAF262D00ACD0B3 /* mBankingPasscodeTests.swift */ = {isa = PBXFileReference; lastKnownFileType = sourcecode.swift; path = mBankingPasscodeTests.swift; sourceTree = "<group>"; };
		3F552F912BAF262E00ACD0B3 /* mBankingPasscodeUITests.xctest */ = {isa = PBXFileReference; explicitFileType = wrapper.cfbundle; includeInIndex = 0; path = mBankingPasscodeUITests.xctest; sourceTree = BUILT_PRODUCTS_DIR; };
		3F552F952BAF262E00ACD0B3 /* mBankingPasscodeUITests.swift */ = {isa = PBXFileReference; lastKnownFileType = sourcecode.swift; path = mBankingPasscodeUITests.swift; sourceTree = "<group>"; };
		3F552F972BAF262E00ACD0B3 /* mBankingPasscodeUITestsLaunchTests.swift */ = {isa = PBXFileReference; lastKnownFileType = sourcecode.swift; path = mBankingPasscodeUITestsLaunchTests.swift; sourceTree = "<group>"; };
		3F552FA42BAF274B00ACD0B3 /* PasscodeView.swift */ = {isa = PBXFileReference; lastKnownFileType = sourcecode.swift; path = PasscodeView.swift; sourceTree = "<group>"; };
		3F552FA62BAF275B00ACD0B3 /* NumberPadView.swift */ = {isa = PBXFileReference; lastKnownFileType = sourcecode.swift; path = NumberPadView.swift; sourceTree = "<group>"; };
		3F552FA82BAF276D00ACD0B3 /* PasscodeIndicatorView.swift */ = {isa = PBXFileReference; lastKnownFileType = sourcecode.swift; path = PasscodeIndicatorView.swift; sourceTree = "<group>"; };
/* End PBXFileReference section */

/* Begin PBXFrameworksBuildPhase section */
		3F552F742BAF262700ACD0B3 /* Frameworks */ = {
			isa = PBXFrameworksBuildPhase;
			buildActionMask = 2147483647;
			files = (
			);
			runOnlyForDeploymentPostprocessing = 0;
		};
		3F552F842BAF262D00ACD0B3 /* Frameworks */ = {
			isa = PBXFrameworksBuildPhase;
			buildActionMask = 2147483647;
			files = (
			);
			runOnlyForDeploymentPostprocessing = 0;
		};
		3F552F8E2BAF262E00ACD0B3 /* Frameworks */ = {
			isa = PBXFrameworksBuildPhase;
			buildActionMask = 2147483647;
			files = (
			);
			runOnlyForDeploymentPostprocessing = 0;
		};
/* End PBXFrameworksBuildPhase section */

/* Begin PBXGroup section */
		3F552F6E2BAF262700ACD0B3 = {
			isa = PBXGroup;
			children = (
				3F552F792BAF262700ACD0B3 /* mBankingPasscode */,
				3F552F8A2BAF262D00ACD0B3 /* mBankingPasscodeTests */,
				3F552F942BAF262E00ACD0B3 /* mBankingPasscodeUITests */,
				3F552F782BAF262700ACD0B3 /* Products */,
			);
			sourceTree = "<group>";
		};
		3F552F782BAF262700ACD0B3 /* Products */ = {
			isa = PBXGroup;
			children = (
				3F552F772BAF262700ACD0B3 /* mBankingPasscode.app */,
				3F552F872BAF262D00ACD0B3 /* mBankingPasscodeTests.xctest */,
				3F552F912BAF262E00ACD0B3 /* mBankingPasscodeUITests.xctest */,
			);
			name = Products;
			sourceTree = "<group>";
		};
		3F552F792BAF262700ACD0B3 /* mBankingPasscode */ = {
			isa = PBXGroup;
			children = (
				3F552F7A2BAF262700ACD0B3 /* mBankingPasscodeApp.swift */,
				3F552F7C2BAF262700ACD0B3 /* ContentView.swift */,
				3F552F7E2BAF262C00ACD0B3 /* Assets.xcassets */,
				3F552F802BAF262C00ACD0B3 /* Preview Content */,
				3F552FA42BAF274B00ACD0B3 /* PasscodeView.swift */,
				3F552FA62BAF275B00ACD0B3 /* NumberPadView.swift */,
				3F552FA82BAF276D00ACD0B3 /* PasscodeIndicatorView.swift */,
			);
			path = mBankingPasscode;
			sourceTree = "<group>";
		};
		3F552F802BAF262C00ACD0B3 /* Preview Content */ = {
			isa = PBXGroup;
			children = (
				3F552F812BAF262C00ACD0B3 /* Preview Assets.xcassets */,
			);
			path = "Preview Content";
			sourceTree = "<group>";
		};
		3F552F8A2BAF262D00ACD0B3 /* mBankingPasscodeTests */ = {
			isa = PBXGroup;
			children = (
				3F552F8B2BAF262D00ACD0B3 /* mBankingPasscodeTests.swift */,
			);
			path = mBankingPasscodeTests;
			sourceTree = "<group>";
		};
		3F552F942BAF262E00ACD0B3 /* mBankingPasscodeUITests */ = {
			isa = PBXGroup;
			children = (
				3F552F952BAF262E00ACD0B3 /* mBankingPasscodeUITests.swift */,
				3F552F972BAF262E00ACD0B3 /* mBankingPasscodeUITestsLaunchTests.swift */,
			);
			path = mBankingPasscodeUITests;
			sourceTree = "<group>";
		};
/* End PBXGroup section */

/* Begin PBXNativeTarget section */
		3F552F762BAF262700ACD0B3 /* mBankingPasscode */ = {
			isa = PBXNativeTarget;
			buildConfigurationList = 3F552F9B2BAF262E00ACD0B3 /* Build configuration list for PBXNativeTarget "mBankingPasscode" */;
			buildPhases = (
				3F552F732BAF262700ACD0B3 /* Sources */,
				3F552F742BAF262700ACD0B3 /* Frameworks */,
				3F552F752BAF262700ACD0B3 /* Resources */,
			);
			buildRules = (
			);
			dependencies = (
			);
			name = mBankingPasscode;
			productName = mBankingPasscode;
			productReference = 3F552F772BAF262700ACD0B3 /* mBankingPasscode.app */;
			productType = "com.apple.product-type.application";
		};
		3F552F862BAF262D00ACD0B3 /* mBankingPasscodeTests */ = {
			isa = PBXNativeTarget;
			buildConfigurationList = 3F552F9E2BAF262E00ACD0B3 /* Build configuration list for PBXNativeTarget "mBankingPasscodeTests" */;
			buildPhases = (
				3F552F832BAF262D00ACD0B3 /* Sources */,
				3F552F842BAF262D00ACD0B3 /* Frameworks */,
				3F552F852BAF262D00ACD0B3 /* Resources */,
			);
			buildRules = (
			);
			dependencies = (
				3F552F892BAF262D00ACD0B3 /* PBXTargetDependency */,
			);
			name = mBankingPasscodeTests;
			productName = mBankingPasscodeTests;
			productReference = 3F552F872BAF262D00ACD0B3 /* mBankingPasscodeTests.xctest */;
			productType = "com.apple.product-type.bundle.unit-test";
		};
		3F552F902BAF262E00ACD0B3 /* mBankingPasscodeUITests */ = {
			isa = PBXNativeTarget;
			buildConfigurationList = 3F552FA12BAF262E00ACD0B3 /* Build configuration list for PBXNativeTarget "mBankingPasscodeUITests" */;
			buildPhases = (
				3F552F8D2BAF262E00ACD0B3 /* Sources */,
				3F552F8E2BAF262E00ACD0B3 /* Frameworks */,
				3F552F8F2BAF262E00ACD0B3 /* Resources */,
			);
			buildRules = (
			);
			dependencies = (
				3F552F932BAF262E00ACD0B3 /* PBXTargetDependency */,
			);
			name = mBankingPasscodeUITests;
			productName = mBankingPasscodeUITests;
			productReference = 3F552F912BAF262E00ACD0B3 /* mBankingPasscodeUITests.xctest */;
			productType = "com.apple.product-type.bundle.ui-testing";
		};
/* End PBXNativeTarget section */

/* Begin PBXProject section */
		3F552F6F2BAF262700ACD0B3 /* Project object */ = {
			isa = PBXProject;
			attributes = {
				BuildIndependentTargetsInParallel = 1;
				LastSwiftUpdateCheck = 1530;
				LastUpgradeCheck = 1530;
				TargetAttributes = {
					3F552F762BAF262700ACD0B3 = {
						CreatedOnToolsVersion = 15.3;
					};
					3F552F862BAF262D00ACD0B3 = {
						CreatedOnToolsVersion = 15.3;
						TestTargetID = 3F552F762BAF262700ACD0B3;
					};
					3F552F902BAF262E00ACD0B3 = {
						CreatedOnToolsVersion = 15.3;
						TestTargetID = 3F552F762BAF262700ACD0B3;
					};
				};
			};
			buildConfigurationList = 3F552F722BAF262700ACD0B3 /* Build configuration list for PBXProject "mBankingPasscode" */;
			compatibilityVersion = "Xcode 14.0";
			developmentRegion = en;
			hasScannedForEncodings = 0;
			knownRegions = (
				en,
				Base,
			);
			mainGroup = 3F552F6E2BAF262700ACD0B3;
			productRefGroup = 3F552F782BAF262700ACD0B3 /* Products */;
			projectDirPath = "";
			projectRoot = "";
			targets = (
				3F552F762BAF262700ACD0B3 /* mBankingPasscode */,
				3F552F862BAF262D00ACD0B3 /* mBankingPasscodeTests */,
				3F552F902BAF262E00ACD0B3 /* mBankingPasscodeUITests */,
			);
		};
/* End PBXProject section */

/* Begin PBXResourcesBuildPhase section */
		3F552F752BAF262700ACD0B3 /* Resources */ = {
			isa = PBXResourcesBuildPhase;
			buildActionMask = 2147483647;
			files = (
				3F552F822BAF262C00ACD0B3 /* Preview Assets.xcassets in Resources */,
				3F552F7F2BAF262C00ACD0B3 /* Assets.xcassets in Resources */,
			);
			runOnlyForDeploymentPostprocessing = 0;
		};
		3F552F852BAF262D00ACD0B3 /* Resources */ = {
			isa = PBXResourcesBuildPhase;
			buildActionMask = 2147483647;
			files = (
			);
			runOnlyForDeploymentPostprocessing = 0;
		};
		3F552F8F2BAF262E00ACD0B3 /* Resources */ = {
			isa = PBXResourcesBuildPhase;
			buildActionMask = 2147483647;
			files = (
			);
			runOnlyForDeploymentPostprocessing = 0;
		};
/* End PBXResourcesBuildPhase section */

/* Begin PBXSourcesBuildPhase section */
		3F552F732BAF262700ACD0B3 /* Sources */ = {
			isa = PBXSourcesBuildPhase;
			buildActionMask = 2147483647;
			files = (
				3F552FA52BAF274B00ACD0B3 /* PasscodeView.swift in Sources */,
				3F552FA92BAF276D00ACD0B3 /* PasscodeIndicatorView.swift in Sources */,
				3F552F7D2BAF262700ACD0B3 /* ContentView.swift in Sources */,
				3F552F7B2BAF262700ACD0B3 /* mBankingPasscodeApp.swift in Sources */,
				3F552FA72BAF275B00ACD0B3 /* NumberPadView.swift in Sources */,
			);
			runOnlyForDeploymentPostprocessing = 0;
		};
		3F552F832BAF262D00ACD0B3 /* Sources */ = {
			isa = PBXSourcesBuildPhase;
			buildActionMask = 2147483647;
			files = (
				3F552F8C2BAF262D00ACD0B3 /* mBankingPasscodeTests.swift in Sources */,
			);
			runOnlyForDeploymentPostprocessing = 0;
		};
		3F552F8D2BAF262E00ACD0B3 /* Sources */ = {
			isa = PBXSourcesBuildPhase;
			buildActionMask = 2147483647;
			files = (
				3F552F962BAF262E00ACD0B3 /* mBankingPasscodeUITests.swift in Sources */,
				3F552F982BAF262E00ACD0B3 /* mBankingPasscodeUITestsLaunchTests.swift in Sources */,
			);
			runOnlyForDeploymentPostprocessing = 0;
		};
/* End PBXSourcesBuildPhase section */

/* Begin PBXTargetDependency section */
		3F552F892BAF262D00ACD0B3 /* PBXTargetDependency */ = {
			isa = PBXTargetDependency;
			target = 3F552F762BAF262700ACD0B3 /* mBankingPasscode */;
			targetProxy = 3F552F882BAF262D00ACD0B3 /* PBXContainerItemProxy */;
		};
		3F552F932BAF262E00ACD0B3 /* PBXTargetDependency */ = {
			isa = PBXTargetDependency;
			target = 3F552F762BAF262700ACD0B3 /* mBankingPasscode */;
			targetProxy = 3F552F922BAF262E00ACD0B3 /* PBXContainerItemProxy */;
		};
/* End PBXTargetDependency section */

/* Begin XCBuildConfiguration section */
		3F552F992BAF262E00ACD0B3 /* Debug */ = {
			isa = XCBuildConfiguration;
			buildSettings = {
				ALWAYS_SEARCH_USER_PATHS = NO;
				ASSETCATALOG_COMPILER_GENERATE_SWIFT_ASSET_SYMBOL_EXTENSIONS = YES;
				CLANG_ANALYZER_NONNULL = YES;
				CLANG_ANALYZER_NUMBER_OBJECT_CONVERSION = YES_AGGRESSIVE;
				CLANG_CXX_LANGUAGE_STANDARD = "gnu++20";
				CLANG_ENABLE_MODULES = YES;
				CLANG_ENABLE_OBJC_ARC = YES;
				CLANG_ENABLE_OBJC_WEAK = YES;
				CLANG_WARN_BLOCK_CAPTURE_AUTORELEASING = YES;
				CLANG_WARN_BOOL_CONVERSION = YES;
				CLANG_WARN_COMMA = YES;
				CLANG_WARN_CONSTANT_CONVERSION = YES;
				CLANG_WARN_DEPRECATED_OBJC_IMPLEMENTATIONS = YES;
				CLANG_WARN_DIRECT_OBJC_ISA_USAGE = YES_ERROR;
				CLANG_WARN_DOCUMENTATION_COMMENTS = YES;
				CLANG_WARN_EMPTY_BODY = YES;
				CLANG_WARN_ENUM_CONVERSION = YES;
				CLANG_WARN_INFINITE_RECURSION = YES;
				CLANG_WARN_INT_CONVERSION = YES;
				CLANG_WARN_NON_LITERAL_NULL_CONVERSION = YES;
				CLANG_WARN_OBJC_IMPLICIT_RETAIN_SELF = YES;
				CLANG_WARN_OBJC_LITERAL_CONVERSION = YES;
				CLANG_WARN_OBJC_ROOT_CLASS = YES_ERROR;
				CLANG_WARN_QUOTED_INCLUDE_IN_FRAMEWORK_HEADER = YES;
				CLANG_WARN_RANGE_LOOP_ANALYSIS = YES;
				CLANG_WARN_STRICT_PROTOTYPES = YES;
				CLANG_WARN_SUSPICIOUS_MOVE = YES;
				CLANG_WARN_UNGUARDED_AVAILABILITY = YES_AGGRESSIVE;
				CLANG_WARN_UNREACHABLE_CODE = YES;
				CLANG_WARN__DUPLICATE_METHOD_MATCH = YES;
				COPY_PHASE_STRIP = NO;
				DEBUG_INFORMATION_FORMAT = dwarf;
				ENABLE_STRICT_OBJC_MSGSEND = YES;
				ENABLE_TESTABILITY = YES;
				ENABLE_USER_SCRIPT_SANDBOXING = YES;
				GCC_C_LANGUAGE_STANDARD = gnu17;
				GCC_DYNAMIC_NO_PIC = NO;
				GCC_NO_COMMON_BLOCKS = YES;
				GCC_OPTIMIZATION_LEVEL = 0;
				GCC_PREPROCESSOR_DEFINITIONS = (
					"DEBUG=1",
					"$(inherited)",
				);
				GCC_WARN_64_TO_32_BIT_CONVERSION = YES;
				GCC_WARN_ABOUT_RETURN_TYPE = YES_ERROR;
				GCC_WARN_UNDECLARED_SELECTOR = YES;
				GCC_WARN_UNINITIALIZED_AUTOS = YES_AGGRESSIVE;
				GCC_WARN_UNUSED_FUNCTION = YES;
				GCC_WARN_UNUSED_VARIABLE = YES;
				IPHONEOS_DEPLOYMENT_TARGET = 17.4;
				LOCALIZATION_PREFERS_STRING_CATALOGS = YES;
				MTL_ENABLE_DEBUG_INFO = INCLUDE_SOURCE;
				MTL_FAST_MATH = YES;
				ONLY_ACTIVE_ARCH = YES;
				SDKROOT = iphoneos;
				SWIFT_ACTIVE_COMPILATION_CONDITIONS = "DEBUG $(inherited)";
				SWIFT_OPTIMIZATION_LEVEL = "-Onone";
			};
			name = Debug;
		};
		3F552F9A2BAF262E00ACD0B3 /* Release */ = {
			isa = XCBuildConfiguration;
			buildSettings = {
				ALWAYS_SEARCH_USER_PATHS = NO;
				ASSETCATALOG_COMPILER_GENERATE_SWIFT_ASSET_SYMBOL_EXTENSIONS = YES;
				CLANG_ANALYZER_NONNULL = YES;
				CLANG_ANALYZER_NUMBER_OBJECT_CONVERSION = YES_AGGRESSIVE;
				CLANG_CXX_LANGUAGE_STANDARD = "gnu++20";
				CLANG_ENABLE_MODULES = YES;
				CLANG_ENABLE_OBJC_ARC = YES;
				CLANG_ENABLE_OBJC_WEAK = YES;
				CLANG_WARN_BLOCK_CAPTURE_AUTORELEASING = YES;
				CLANG_WARN_BOOL_CONVERSION = YES;
				CLANG_WARN_COMMA = YES;
				CLANG_WARN_CONSTANT_CONVERSION = YES;
				CLANG_WARN_DEPRECATED_OBJC_IMPLEMENTATIONS = YES;
				CLANG_WARN_DIRECT_OBJC_ISA_USAGE = YES_ERROR;
				CLANG_WARN_DOCUMENTATION_COMMENTS = YES;
				CLANG_WARN_EMPTY_BODY = YES;
				CLANG_WARN_ENUM_CONVERSION = YES;
				CLANG_WARN_INFINITE_RECURSION = YES;
				CLANG_WARN_INT_CONVERSION = YES;
				CLANG_WARN_NON_LITERAL_NULL_CONVERSION = YES;
				CLANG_WARN_OBJC_IMPLICIT_RETAIN_SELF = YES;
				CLANG_WARN_OBJC_LITERAL_CONVERSION = YES;
				CLANG_WARN_OBJC_ROOT_CLASS = YES_ERROR;
				CLANG_WARN_QUOTED_INCLUDE_IN_FRAMEWORK_HEADER = YES;
				CLANG_WARN_RANGE_LOOP_ANALYSIS = YES;
				CLANG_WARN_STRICT_PROTOTYPES = YES;
				CLANG_WARN_SUSPICIOUS_MOVE = YES;
				CLANG_WARN_UNGUARDED_AVAILABILITY = YES_AGGRESSIVE;
				CLANG_WARN_UNREACHABLE_CODE = YES;
				CLANG_WARN__DUPLICATE_METHOD_MATCH = YES;
				COPY_PHASE_STRIP = NO;
				DEBUG_INFORMATION_FORMAT = "dwarf-with-dsym";
				ENABLE_NS_ASSERTIONS = NO;
				ENABLE_STRICT_OBJC_MSGSEND = YES;
				ENABLE_USER_SCRIPT_SANDBOXING = YES;
				GCC_C_LANGUAGE_STANDARD = gnu17;
				GCC_NO_COMMON_BLOCKS = YES;
				GCC_WARN_64_TO_32_BIT_CONVERSION = YES;
				GCC_WARN_ABOUT_RETURN_TYPE = YES_ERROR;
				GCC_WARN_UNDECLARED_SELECTOR = YES;
				GCC_WARN_UNINITIALIZED_AUTOS = YES_AGGRESSIVE;
				GCC_WARN_UNUSED_FUNCTION = YES;
				GCC_WARN_UNUSED_VARIABLE = YES;
				IPHONEOS_DEPLOYMENT_TARGET = 17.4;
				LOCALIZATION_PREFERS_STRING_CATALOGS = YES;
				MTL_ENABLE_DEBUG_INFO = NO;
				MTL_FAST_MATH = YES;
				SDKROOT = iphoneos;
				SWIFT_COMPILATION_MODE = wholemodule;
				VALIDATE_PRODUCT = YES;
			};
			name = Release;
		};
		3F552F9C2BAF262E00ACD0B3 /* Debug */ = {
			isa = XCBuildConfiguration;
			buildSettings = {
				ASSETCATALOG_COMPILER_APPICON_NAME = AppIcon;
				ASSETCATALOG_COMPILER_GLOBAL_ACCENT_COLOR_NAME = AccentColor;
				CODE_SIGN_STYLE = Automatic;
				CURRENT_PROJECT_VERSION = 1;
				DEVELOPMENT_ASSET_PATHS = "\"mBankingPasscode/Preview Content\"";
				DEVELOPMENT_TEAM = 77W89J72K4;
				ENABLE_PREVIEWS = YES;
				GENERATE_INFOPLIST_FILE = YES;
				INFOPLIST_KEY_UIApplicationSceneManifest_Generation = YES;
				INFOPLIST_KEY_UIApplicationSupportsIndirectInputEvents = YES;
				INFOPLIST_KEY_UILaunchScreen_Generation = YES;
				INFOPLIST_KEY_UISupportedInterfaceOrientations_iPad = "UIInterfaceOrientationPortrait UIInterfaceOrientationPortraitUpsideDown UIInterfaceOrientationLandscapeLeft UIInterfaceOrientationLandscapeRight";
				INFOPLIST_KEY_UISupportedInterfaceOrientations_iPhone = "UIInterfaceOrientationPortrait UIInterfaceOrientationLandscapeLeft UIInterfaceOrientationLandscapeRight";
				LD_RUNPATH_SEARCH_PATHS = (
					"$(inherited)",
					"@executable_path/Frameworks",
				);
				MARKETING_VERSION = 1.0;
				PRODUCT_BUNDLE_IDENTIFIER = com.cavaevinci.mBankingPasscode;
				PRODUCT_NAME = "$(TARGET_NAME)";
				SWIFT_EMIT_LOC_STRINGS = YES;
				SWIFT_VERSION = 5.0;
				TARGETED_DEVICE_FAMILY = "1,2";
			};
			name = Debug;
		};
		3F552F9D2BAF262E00ACD0B3 /* Release */ = {
			isa = XCBuildConfiguration;
			buildSettings = {
				ASSETCATALOG_COMPILER_APPICON_NAME = AppIcon;
				ASSETCATALOG_COMPILER_GLOBAL_ACCENT_COLOR_NAME = AccentColor;
				CODE_SIGN_STYLE = Automatic;
				CURRENT_PROJECT_VERSION = 1;
				DEVELOPMENT_ASSET_PATHS = "\"mBankingPasscode/Preview Content\"";
				DEVELOPMENT_TEAM = 77W89J72K4;
				ENABLE_PREVIEWS = YES;
				GENERATE_INFOPLIST_FILE = YES;
				INFOPLIST_KEY_UIApplicationSceneManifest_Generation = YES;
				INFOPLIST_KEY_UIApplicationSupportsIndirectInputEvents = YES;
				INFOPLIST_KEY_UILaunchScreen_Generation = YES;
				INFOPLIST_KEY_UISupportedInterfaceOrientations_iPad = "UIInterfaceOrientationPortrait UIInterfaceOrientationPortraitUpsideDown UIInterfaceOrientationLandscapeLeft UIInterfaceOrientationLandscapeRight";
				INFOPLIST_KEY_UISupportedInterfaceOrientations_iPhone = "UIInterfaceOrientationPortrait UIInterfaceOrientationLandscapeLeft UIInterfaceOrientationLandscapeRight";
				LD_RUNPATH_SEARCH_PATHS = (
					"$(inherited)",
					"@executable_path/Frameworks",
				);
				MARKETING_VERSION = 1.0;
				PRODUCT_BUNDLE_IDENTIFIER = com.cavaevinci.mBankingPasscode;
				PRODUCT_NAME = "$(TARGET_NAME)";
				SWIFT_EMIT_LOC_STRINGS = YES;
				SWIFT_VERSION = 5.0;
				TARGETED_DEVICE_FAMILY = "1,2";
			};
			name = Release;
		};
		3F552F9F2BAF262E00ACD0B3 /* Debug */ = {
			isa = XCBuildConfiguration;
			buildSettings = {
				ALWAYS_EMBED_SWIFT_STANDARD_LIBRARIES = YES;
				BUNDLE_LOADER = "$(TEST_HOST)";
				CODE_SIGN_STYLE = Automatic;
				CURRENT_PROJECT_VERSION = 1;
				DEVELOPMENT_TEAM = 77W89J72K4;
				GENERATE_INFOPLIST_FILE = YES;
				IPHONEOS_DEPLOYMENT_TARGET = 17.4;
				MARKETING_VERSION = 1.0;
				PRODUCT_BUNDLE_IDENTIFIER = com.cavaevinci.mBankingPasscodeTests;
				PRODUCT_NAME = "$(TARGET_NAME)";
				SWIFT_EMIT_LOC_STRINGS = NO;
				SWIFT_VERSION = 5.0;
				TARGETED_DEVICE_FAMILY = "1,2";
				TEST_HOST = "$(BUILT_PRODUCTS_DIR)/mBankingPasscode.app/$(BUNDLE_EXECUTABLE_FOLDER_PATH)/mBankingPasscode";
			};
			name = Debug;
		};
		3F552FA02BAF262E00ACD0B3 /* Release */ = {
			isa = XCBuildConfiguration;
			buildSettings = {
				ALWAYS_EMBED_SWIFT_STANDARD_LIBRARIES = YES;
				BUNDLE_LOADER = "$(TEST_HOST)";
				CODE_SIGN_STYLE = Automatic;
				CURRENT_PROJECT_VERSION = 1;
				DEVELOPMENT_TEAM = 77W89J72K4;
				GENERATE_INFOPLIST_FILE = YES;
				IPHONEOS_DEPLOYMENT_TARGET = 17.4;
				MARKETING_VERSION = 1.0;
				PRODUCT_BUNDLE_IDENTIFIER = com.cavaevinci.mBankingPasscodeTests;
				PRODUCT_NAME = "$(TARGET_NAME)";
				SWIFT_EMIT_LOC_STRINGS = NO;
				SWIFT_VERSION = 5.0;
				TARGETED_DEVICE_FAMILY = "1,2";
				TEST_HOST = "$(BUILT_PRODUCTS_DIR)/mBankingPasscode.app/$(BUNDLE_EXECUTABLE_FOLDER_PATH)/mBankingPasscode";
			};
			name = Release;
		};
		3F552FA22BAF262E00ACD0B3 /* Debug */ = {
			isa = XCBuildConfiguration;
			buildSettings = {
				ALWAYS_EMBED_SWIFT_STANDARD_LIBRARIES = YES;
				CODE_SIGN_STYLE = Automatic;
				CURRENT_PROJECT_VERSION = 1;
				DEVELOPMENT_TEAM = 77W89J72K4;
				GENERATE_INFOPLIST_FILE = YES;
				MARKETING_VERSION = 1.0;
				PRODUCT_BUNDLE_IDENTIFIER = com.cavaevinci.mBankingPasscodeUITests;
				PRODUCT_NAME = "$(TARGET_NAME)";
				SWIFT_EMIT_LOC_STRINGS = NO;
				SWIFT_VERSION = 5.0;
				TARGETED_DEVICE_FAMILY = "1,2";
				TEST_TARGET_NAME = mBankingPasscode;
			};
			name = Debug;
		};
		3F552FA32BAF262E00ACD0B3 /* Release */ = {
			isa = XCBuildConfiguration;
			buildSettings = {
				ALWAYS_EMBED_SWIFT_STANDARD_LIBRARIES = YES;
				CODE_SIGN_STYLE = Automatic;
				CURRENT_PROJECT_VERSION = 1;
				DEVELOPMENT_TEAM = 77W89J72K4;
				GENERATE_INFOPLIST_FILE = YES;
				MARKETING_VERSION = 1.0;
				PRODUCT_BUNDLE_IDENTIFIER = com.cavaevinci.mBankingPasscodeUITests;
				PRODUCT_NAME = "$(TARGET_NAME)";
				SWIFT_EMIT_LOC_STRINGS = NO;
				SWIFT_VERSION = 5.0;
				TARGETED_DEVICE_FAMILY = "1,2";
				TEST_TARGET_NAME = mBankingPasscode;
			};
			name = Release;
		};
/* End XCBuildConfiguration section */

/* Begin XCConfigurationList section */
		3F552F722BAF262700ACD0B3 /* Build configuration list for PBXProject "mBankingPasscode" */ = {
			isa = XCConfigurationList;
			buildConfigurations = (
				3F552F992BAF262E00ACD0B3 /* Debug */,
				3F552F9A2BAF262E00ACD0B3 /* Release */,
			);
			defaultConfigurationIsVisible = 0;
			defaultConfigurationName = Release;
		};
		3F552F9B2BAF262E00ACD0B3 /* Build configuration list for PBXNativeTarget "mBankingPasscode" */ = {
			isa = XCConfigurationList;
			buildConfigurations = (
				3F552F9C2BAF262E00ACD0B3 /* Debug */,
				3F552F9D2BAF262E00ACD0B3 /* Release */,
			);
			defaultConfigurationIsVisible = 0;
			defaultConfigurationName = Release;
		};
		3F552F9E2BAF262E00ACD0B3 /* Build configuration list for PBXNativeTarget "mBankingPasscodeTests" */ = {
			isa = XCConfigurationList;
			buildConfigurations = (
				3F552F9F2BAF262E00ACD0B3 /* Debug */,
				3F552FA02BAF262E00ACD0B3 /* Release */,
			);
			defaultConfigurationIsVisible = 0;
			defaultConfigurationName = Release;
		};
		3F552FA12BAF262E00ACD0B3 /* Build configuration list for PBXNativeTarget "mBankingPasscodeUITests" */ = {
			isa = XCConfigurationList;
			buildConfigurations = (
				3F552FA22BAF262E00ACD0B3 /* Debug */,
				3F552FA32BAF262E00ACD0B3 /* Release */,
			);
			defaultConfigurationIsVisible = 0;
			defaultConfigurationName = Release;
		};
/* End XCConfigurationList section */
	};
	rootObject = 3F552F6F2BAF262700ACD0B3 /* Project object */;
}
